{
  "name": "xharbor",
  "lockfileVersion": 3,
  "requires": true,
  "packages": {
    "": {
      "name": "xharbor",
      "workspaces": [
        "apps/*",
        "packages/*"
      ],
      "devDependencies": {
        "@fortawesome/fontawesome-free": "^7.2.0",
        "playwright": "^1.58.2"
      }
    },
    "apps/xbacklog-api": {
      "name": "@xharbor/xbacklog-api",
      "version": "0.1.0",
      "dependencies": {
        "@xharbor/contracts": "0.1.0",
        "@xharbor/platform-auth": "0.1.0",
        "@xharbor/platform-session": "0.1.0",
        "@xharbor/sqlite-store": "0.1.0"
      }
    },
    "apps/xbacklog-web": {
      "name": "@xharbor/xbacklog-web",
      "version": "0.1.0"
    },
    "apps/xdashboard-api": {
      "name": "@xharbor/xdashboard-api",
      "dependencies": {
        "@xharbor/contracts": "*",
        "@xharbor/platform-auth": "*",
        "@xharbor/platform-session": "*",
        "@xharbor/sqlite-store": "*"
      }
    },
    "apps/xdashboard-web": {
      "name": "@xharbor/xdashboard-web"
    },
    "apps/xdoc-api": {
      "name": "@xharbor/xdoc-api"
    },
    "apps/xdoc-web": {
      "name": "@xharbor/xdoc-web"
    },
    "apps/xgroup-api": {
      "name": "@xharbor/xgroup-api",
      "version": "0.1.0",
      "dependencies": {
        "@xharbor/contracts": "0.1.0",
        "@xharbor/platform-auth": "0.1.0",
        "@xharbor/platform-session": "0.1.0",
        "@xharbor/sqlite-store": "0.1.0"
      }
    },
    "apps/xgroup-web": {
      "name": "@xharbor/xgroup-web",
      "version": "0.1.0"
    },
    "apps/xtag-api": {
      "name": "@xharbor/xtag-api",
      "dependencies": {
        "@xharbor/contracts": "*",
        "@xharbor/platform-auth": "*",
        "@xharbor/platform-session": "*",
        "@xharbor/sqlite-store": "*"
      }
    },
    "apps/xtalk-api": {
      "name": "@xharbor/xtalk-api",
      "dependencies": {
        "@xharbor/contracts": "*",
        "@xharbor/platform-auth": "*",
        "@xharbor/platform-session": "*",
        "@xharbor/sqlite-store": "*"
      }
    },
    "apps/xtalk-web": {
      "name": "@xharbor/xtalk-web"
    },
    "node_modules/@fortawesome/fontawesome-free": {
      "version": "7.2.0",
      "resolved": "https://registry.npmjs.org/@fortawesome/fontawesome-free/-/fontawesome-free-7.2.0.tgz",
      "integrity": "sha512-3DguDv/oUE+7vjMeTSOjCSG+KeawgVQOHrKRnvUuqYh1mfArrh7s+s8hXW3e4RerBA1+Wh+hBqf8sJNpqNrBWg==",
      "dev": true,
      "license": "(CC-BY-4.0 AND OFL-1.1 AND MIT)",
      "engines": {
        "node": ">=6"
      }
    },
    "node_modules/@xharbor/contracts": {
      "resolved": "packages/contracts",
      "link": true
    },
    "node_modules/@xharbor/platform-auth": {
      "resolved": "packages/platform-auth",
      "link": true
    },
    "node_modules/@xharbor/platform-session": {
      "resolved": "packages/platform-session",
      "link": true
    },
    "node_modules/@xharbor/sqlite-store": {
      "resolved": "packages/sqlite-store",
      "link": true
    },
    "node_modules/@xharbor/xbacklog-api": {
      "resolved": "apps/xbacklog-api",
      "link": true
    },
    "node_modules/@xharbor/xbacklog-web": {
      "resolved": "apps/xbacklog-web",
      "link": true
    },
    "node_modules/@xharbor/xdashboard-api": {
      "resolved": "apps/xdashboard-api",
      "link": true
    },
    "node_modules/@xharbor/xdashboard-web": {
      "resolved": "apps/xdashboard-web",
      "link": true
    },
    "node_modules/@xharbor/xdoc-api": {
      "resolved": "apps/xdoc-api",
      "link": true
    },
    "node_modules/@xharbor/xdoc-web": {
      "resolved": "apps/xdoc-web",
      "link": true
    },
    "node_modules/@xharbor/xgroup-api": {
      "resolved": "apps/xgroup-api",
      "link": true
    },
    "node_modules/@xharbor/xgroup-web": {
      "resolved": "apps/xgroup-web",
      "link": true
    },
    "node_modules/@xharbor/xtag-api": {
      "resolved": "apps/xtag-api",
      "link": true
    },
    "node_modules/@xharbor/xtalk-api": {
      "resolved": "apps/xtalk-api",
      "link": true
    },
    "node_modules/@xharbor/xtalk-web": {
      "resolved": "apps/xtalk-web",
      "link": true
    },
    "node_modules/fsevents": {
      "version": "2.3.2",
      "resolved": "https://registry.npmjs.org/fsevents/-/fsevents-2.3.2.tgz",
      "integrity": "sha512-xiqMQR4xAeHTuB9uWm+fFRcIOgKBMiOBP+eXiyT7jsgVCq1bkVygt00oASowB7EdtpOHaaPgKt812P9ab+DDKA==",
      "dev": true,
      "hasInstallScript": true,
      "license": "MIT",
      "optional": true,
      "os": [
        "darwin"
      ],
      "engines": {
        "node": "^8.16.0 || ^10.6.0 || >=11.0.0"
      }
    },
    "node_modules/playwright": {
      "version": "1.58.2",
      "resolved": "https://registry.npmjs.org/playwright/-/playwright-1.58.2.tgz",
      "integrity": "sha512-vA30H8Nvkq/cPBnNw4Q8TWz1EJyqgpuinBcHET0YVJVFldr8JDNiU9LaWAE1KqSkRYazuaBhTpB5ZzShOezQ6A==",
      "dev": true,
      "license": "Apache-2.0",
      "dependencies": {
        "playwright-core": "1.58.2"
      },
      "bin": {
        "playwright": "cli.js"
      },
      "engines": {
        "node": ">=18"
      },
      "optionalDependencies": {
        "fsevents": "2.3.2"
      }
    },
    "node_modules/playwright-core": {
      "version": "1.58.2",
      "resolved": "https://registry.npmjs.org/playwright-core/-/playwright-core-1.58.2.tgz",
      "integrity": "sha512-yZkEtftgwS8CsfYo7nm0KE8jsvm6i/PTgVtB8DL726wNf6H2IMsDuxCpJj59KDaxCtSnrWan2AeDqM7JBaultg==",
      "dev": true,
      "license": "Apache-2.0",
      "bin": {
        "playwright-core": "cli.js"
      },
      "engines": {
        "node": ">=18"
      }
    },
    "packages/contracts": {
      "name": "@xharbor/contracts",
      "version": "0.1.0"
    },
    "packages/json-store": {
      "name": "@xharbor/json-store",
      "version": "0.1.0",
      "extraneous": true
    },
    "packages/platform-auth": {
      "name": "@xharbor/platform-auth",
      "version": "0.1.0",
      "dependencies": {
        "@xharbor/contracts": "0.1.0"
      }
    },
    "packages/platform-session": {
      "name": "@xharbor/platform-session",
      "version": "0.1.0",
      "dependencies": {
        "@xharbor/sqlite-store": "0.1.0"
      }
    },
    "packages/sqlite-store": {
      "name": "@xharbor/sqlite-store",
      "version": "0.1.0"
    }
  }
}
